
Microsoft Visual Studio Solution File, Format Version 12.00
# Visual Studio 15
VisualStudioVersion = 15.0.28307.757
MinimumVisualStudioVersion = 10.0.40219.1
Project("{9A19103F-16F7-4668-BE54-9A1E7A4F7556}") = "ShowDetailReportInPopup", "Reporting-How-To-Show-A-Detail-Report-In-A-PopUp\ShowDetailReportInPopup.csproj", "{E58F4EE1-D42B-4E1D-A6B2-856445F0E52A}"
EndProject
Global
	GlobalSection(SolutionConfigurationPlatforms) = preSolution
		Debug|Any CPU = Debug|Any CPU
		Release|Any CPU = Release|Any CPU
	EndGlobalSection
	GlobalSection(ProjectConfigurationPlatforms) = postSolution
		{E58F4EE1-D42B-4E1D-A6B2-856445F0E52A}.Debug|Any CPU.ActiveCfg = Debug|Any CPU
		{E58F4EE1-D42B-4E1D-A6B2-856445F0E52A}.Debug|Any CPU.Build.0 = Debug|Any CPU
		{E58F4EE1-D42B-4E1D-A6B2-856445F0E52A}.Release|Any CPU.ActiveCfg = Release|Any CPU
		{E58F4EE1-D42B-4E1D-A6B2-856445F0E52A}.Release|Any CPU.Build.0 = Release|Any CPU
		EndGlobalSection
	GlobalSection(SolutionProperties) = preSolution
		HideSolutionNode = FALSE
	EndGlobalSection
	GlobalSection(ExtensibilityGlobals) = postSolution
		SolutionGuid = {4C0C197B-7C46-4000-9ED5-06A37170E1F7}
	EndGlobalSection
EndGlobal
