
Microsoft Visual Studio Solution File, Format Version 12.00
# Visual Studio 15
VisualStudioVersion = 15.0.28307.757
MinimumVisualStudioVersion = 10.0.40219.1
Project("{9A19103F-16F7-4668-BE54-9A1E7A4F7556}") = "ShowDetailReportInPopup", "Reporting-How-To-Show-A-Detail-Report-In-A-PopUp\ShowDetailReportInPopup.csproj", "{49A0E1B1-BAE9-4468-BD3C-6C1C3E010C9C}"
EndProject
Global
	GlobalSection(SolutionConfigurationPlatforms) = preSolution
		Debug|Any CPU = Debug|Any CPU
		Release|Any CPU = Release|Any CPU
	EndGlobalSection
	GlobalSection(ProjectConfigurationPlatforms) = postSolution
		{49A0E1B1-BAE9-4468-BD3C-6C1C3E010C9C}.Debug|Any CPU.ActiveCfg = Debug|Any CPU
		{49A0E1B1-BAE9-4468-BD3C-6C1C3E010C9C}.Debug|Any CPU.Build.0 = Debug|Any CPU
		{49A0E1B1-BAE9-4468-BD3C-6C1C3E010C9C}.Release|Any CPU.ActiveCfg = Release|Any CPU
		{49A0E1B1-BAE9-4468-BD3C-6C1C3E010C9C}.Release|Any CPU.Build.0 = Release|Any CPU
		EndGlobalSection
	GlobalSection(SolutionProperties) = preSolution
		HideSolutionNode = FALSE
	EndGlobalSection
	GlobalSection(ExtensibilityGlobals) = postSolution
		SolutionGuid = {8B30B6AF-D0E2-4E13-9C0F-7E89765B9CB4}
	EndGlobalSection
EndGlobal
